
Microsoft Visual Studio Solution File, Format Version 12.00
# Visual Studio Version 16
VisualStudioVersion = 16.0.32630.194
MinimumVisualStudioVersion = 10.0.40219.1
Project("{FAE04EC0-301F-11D3-BF4B-00C04F79EFBC}") = "WebApplication2019-02", "WebApplication2019-02.csproj", "{0BA068F5-486F-4050-B715-C1ED5DADCFF4}"
EndProject
Project("{FAE04EC0-301F-11D3-BF4B-00C04F79EFBC}") = "WebApplication2019-02.Tests", "..\WebApplication2019-02.Tests\WebApplication2019-02.Tests.csproj", "{5990B4DC-F61D-45E6-A865-BE3148F5CEC7}"
EndProject
Global
	GlobalSection(SolutionConfigurationPlatforms) = preSolution
		Debug|Any CPU = Debug|Any CPU
		Release|Any CPU = Release|Any CPU
	EndGlobalSection
	GlobalSection(ProjectConfigurationPlatforms) = postSolution
		{0BA068F5-486F-4050-B715-C1ED5DADCFF4}.Debug|Any CPU.ActiveCfg = Debug|Any CPU
		{0BA068F5-486F-4050-B715-C1ED5DADCFF4}.Debug|Any CPU.Build.0 = Debug|Any CPU
		{0BA068F5-486F-4050-B715-C1ED5DADCFF4}.Release|Any CPU.ActiveCfg = Release|Any CPU
		{0BA068F5-486F-4050-B715-C1ED5DADCFF4}.Release|Any CPU.Build.0 = Release|Any CPU
		{5990B4DC-F61D-45E6-A865-BE3148F5CEC7}.Debug|Any CPU.ActiveCfg = Debug|Any CPU
		{5990B4DC-F61D-45E6-A865-BE3148F5CEC7}.Debug|Any CPU.Build.0 = Debug|Any CPU
		{5990B4DC-F61D-45E6-A865-BE3148F5CEC7}.Release|Any CPU.ActiveCfg = Release|Any CPU
		{5990B4DC-F61D-45E6-A865-BE3148F5CEC7}.Release|Any CPU.Build.0 = Release|Any CPU
	EndGlobalSection
	GlobalSection(SolutionProperties) = preSolution
		HideSolutionNode = FALSE
	EndGlobalSection
	GlobalSection(ExtensibilityGlobals) = postSolution
		SolutionGuid = {2E39FA99-7404-48AE-AED3-2E70A50BEC54}
	EndGlobalSection
EndGlobal
